github.com/UNO-SOFT/cli v0.0.0-20261009074406-95b18dbd4953 h1:GNwMZjLf2dkctxgxQ24GKER/ICiDm1JRkyPuzGgEEmU=
github.com/UNO-SOFT/cli v0.0.0-20261009074406-95b18dbd4953/go.mod h1:QD9ZBLRNpayv97OHM5HB1pyav5L/xa30E6BovwMNpBc=
github.com/UNO-SOFT/zlog v0.8.6 h1:Y+XCa9O3mr4xDLTkyT2Fod60FsywKlqAexsdV5JUypo=
github.com/UNO-SOFT/zlog v0.8.6/go.mod h1:ol94XTwk4pqVtBzcD/aiYh5+Lo+G2zF7izjMY7nWQBI=
github.com/boombuler/barcode v1.0.0/go.mod h1:paBWMcWSl3LHKBqUq+rly7CNSldXjb2rDl3JlRe0mD8=
github.com/boombuler/barcode v1.1.0 h1:ChaYjBR63fr4LFyGn8E8nt7dBSt3MiU3zMOZqFvVkHo=
github.com/boombuler/barcode v1.1.0/go.mod h1:paBWMcWSl3LHKBqUq+rly7CNSldXjb2rDl3JlRe0mD8=
github.com/clipperhouse/stringish v0.1.1 h1:+NSqMOr3GR6k1FdRhhnXrLfztGzuG+VuFDfatpWHKCs=
github.com/clipperhouse/stringish v0.1.1/go.mod h1:v/WhFtE1q0ovMta2+m+UbpZ+2/HEXNWYXQgCt4hdOzA=
github.com/clipperhouse/uax29/v2 v2.3.0 h1:SNdx9DVUqMoBuBoW3iLOj4FQv3dN5mDtuqwuhIGpJy4=
github.com/clipperhouse/uax29/v2 v2.3.0/go.mod h1:Wn1g7MK6OoeDT0vL+Q0SQLDz/KpfsVRgg6W7ihQeh4g=
github.com/davecgh/go-spew v1.1.0/go.mod h1:J7Y8YcW2NihsgmVo/mv3lAwl/skON4iLHjSsI+c5H38=
github.com/davecgh/go-spew v1.1.1 h1:vj9j/u1bqnvCEfJOwUhtlOARqs3+rkHYY13jYWTU97c=
github.com/davecgh/go-spew v1.1.1/go.mod h1:J7Y8YcW2NihsgmVo/mv3lAwl/skON4iLHjSsI+c5H38=
github.com/f-amaral/go-async v0.3.0 h1:h4kLsX7aKfdWaHvV0lf+/EE3OIeCzyeDYJDb/vDZUyg=
github.com/f-amaral/go-async v0.3.0/go.mod h1:Hz5Qr6DAWpbTTUjytnrg1WIsDgS7NtOei5y8SipYS7U=
github.com/go-logr/logr v1.4.3 h1:CjnDlHq8ikf6E492q6eKboGOC0T8CDaOvkHCIg8idEI=
github.com/go-logr/logr v1.4.3/go.mod h1:9T104GzyrTigFIr8wt5mBrctHMim0Nb2HLGrmQ40KvY=
github.com/go-logr/zerologr v1.2.3 h1:up5N9vcH9Xck3jJkXzgyOxozT14R47IyDODz8LM1KSs=
github.com/go-logr/zerologr v1.2.3/go.mod h1:BxwGo7y5zgSHYR1BjbnHPyF/5ZjVKfKxAZANVu6E8Ho=
github.com/google/uuid v1.6.0 h1:NIvaJDMOsjHA8n1jAhLSgzrAzy1Hgr+hNrb57e+94F0=
github.com/google/uuid v1.6.0/go.mod h1:TIyPZe4MgqvfeYDBFedMoGGpEw/LqOeaOT+nhxU+yHo=
github.com/hhrutter/lzw v1.0.0 h1:laL89Llp86W3rRs83LvKbwYRx6INE8gDn0XNb1oXtm0=
github.com/hhrutter/lzw v1.0.0/go.mod h1:2HC6DJSn/n6iAZfgM3Pg+cP1KxeWc3ezG8bBqW5+WEo=
github.com/hhrutter/pkcs7 v0.2.0 h1:i4HN2XMbGQpZRnKBLsUwO3dSckzgX142TNqY/KfXg+I=
github.com/hhrutter/pkcs7 v0.2.0/go.mod h1:aEzKz0+ZAlz7YaEMY47jDHL14hVWD6iXt0AgqgAvWgE=
github.com/hhrutter/tiff v1.0.2 h1:7H3FQQpKu/i5WaSChoD1nnJbGx4MxU5TlNqqpxw55z8=
github.com/hhrutter/tiff v1.0.2/go.mod h1:pcOeuK5loFUE7Y/WnzGw20YxUdnqjY1P0Jlcieb/cCw=
github.com/johnfercher/go-tree v1.1.0 h1:L0Fs5jLR1uA2e/CwfHjNdO/Lt4IGQ46QgxarAC1yeXs=
github.com/johnfercher/go-tree v1.1.0/go.mod h1:DUO6QkXIFh1K7jeGBIkLCZaeUgnkdQAsB64FDSoHswg=
github.com/johnfercher/maroto/v2 v2.3.1 h1:sgODsgDEMQFn0ZxCQY0Kme9c1wVGFivL4BPK63m1Ulk=
github.com/johnfercher/maroto/v2 v2.3.1/go.mod h1:/LfW6AQGZzsG6xUixcfyxkKztDoszdwC+G2jNRl8bss=
github.com/jung-kurt/gofpdf v1.0.0/go.mod h1:7Id9E/uU8ce6rXgefFLlgrJj/GYY22cpxn+r32jIOes=
github.com/jung-kurt/gofpdf v1.16.2 h1:jgbatWHfRlPYiK85qgevsZTHviWXKwB1TTiKdz5PtRc=
github.com/jung-kurt/gofpdf v1.16.2/go.mod h1:1hl7y57EsiPAkLbOwzpzqgx1A30nQCk/YmFV8S2vmK0=
github.com/klauspost/compress v1.18.1 h1:bcSGx7UbpBqMChDtsF28Lw6v/G94LPrrbMbdC3JH2co=
github.com/klauspost/compress v1.18.1/go.mod h1:ZQFFVG+MdnR0P+l6wpXgIL4NTtwiKIdBnrBd8Nrxr+0=
github.com/mattn/go-colorable v0.1.13 h1:fFA4WZxdEF4tXPZVKMLwD8oUnCTTo08duU7wxecdEvA=
github.com/mattn/go-colorable v0.1.13/go.mod h1:7S9/ev0klgBDR4GtXTXX8a3vIGJpMovkB8vQcUbaXHg=
github.com/mattn/go-isatty v0.0.17 h1:BTarxUcIeDqL27Mc+vyvdWYSL28zpIhv3RoTdsLMPng=
github.com/mattn/go-isatty v0.0.17/go.mod h1:kYGgaQfpe5nmfYZH+SKPsOc2e4SrIfOl2e/yFXSvRLM=
github.com/mattn/go-runewidth v0.0.19 h1:v++JhqYnZuu5jSKrk9RbgF5v4CGUjqRfBm05byFGLdw=
github.com/mattn/go-runewidth v0.0.19/go.mod h1:XBkDxAl56ILZc9knddidhrOlY5R/pDhgLpndooCuJAs=
github.com/pdfcpu/pdfcpu v0.11.1 h1:htHBSkGH5jMKWC6e0sihBFbcKZ8vG1M67c8/dJxhjas=
github.com/pdfcpu/pdfcpu v0.11.1/go.mod h1:pP3aGga7pRvwFWAm9WwFvo+V68DfANi9kxSQYioNYcw=
github.com/phpdave11/gofpdi v1.0.7/go.mod h1:vBmVV0Do6hSBHC8uKUQ71JGW+ZGQq74llk/7bXwjDoI=
github.com/pkg/errors v0.8.1/go.mod h1:bwawxfHBFNV+L2hUp1rHADufV3IMtnDRdf1r5NINEl0=
github.com/pkg/errors v0.9.1 h1:FEBLx1zS214owpjy7qsBeixbURkuhQAwrK5UwLGTwt4=
github.com/pkg/errors v0.9.1/go.mod h1:bwawxfHBFNV+L2hUp1rHADufV3IMtnDRdf1r5NINEl0=
github.com/pmezard/go-difflib v1.0.0 h1:4DBwDE0NGyQoBHbLQYPwSUPoCMWR5BEzIk/f1lZbAQM=
github.com/pmezard/go-difflib v1.0.0/go.mod h1:iKH77koFhYxTK1pcRnkKkqfTogsbg7gZNVY4sRDYZ/4=
github.com/richardlehane/mscfb v1.0.4 h1:WULscsljNPConisD5hR0+OyZjwK46Pfyr6mPu5ZawpM=
github.com/richardlehane/mscfb v1.0.4/go.mod h1:YzVpcZg9czvAuhk9T+a3avCpcFPMUWm7gK3DypaEsUk=
github.com/richardlehane/msoleps v1.0.1/go.mod h1:BWev5JBpU9Ko2WAgmZEuiz4/u3ZYTKbjLycmwiWUfWg=
github.com/richardlehane/msoleps v1.0.4 h1:WuESlvhX3gH2IHcd8UqyCuFY5yiq/GR/yqaSM/9/g00=
github.com/richardlehane/msoleps v1.0.4/go.mod h1:BWev5JBpU9Ko2WAgmZEuiz4/u3ZYTKbjLycmwiWUfWg=
github.com/rs/zerolog v1.29.0 h1:Zes4hju04hjbvkVkOhdl2HpZa+0PmVwigmo8XoORE5w=
github.com/rs/zerolog v1.29.0/go.mod h1:NILgTygv/Uej1ra5XxGf82ZFSLk58MFGAUS2o6usyD0=
github.com/ruudk/golang-pdf417 v0.0.0-20181029194003-1af4ab5afa58/go.mod h1:6lfFZQK844Gfx8o5WFuvpxWRwnSoipWe/p622j1v06w=
github.com/stretchr/objx v0.5.1 h1:4VhoImhV/Bm0ToFkXFi8hXNXwpDRZ/ynw3amt82mzq0=
github.com/stretchr/objx v0.5.1/go.mod h1:/iHQpkQwBD6DLUmQ4pE+s1TXdob1mORJ4/UFdrifcy0=
github.com/stretchr/testify v1.2.2/go.mod h1:a8OnRcib4nhh0OaRAV+Yts87kKdq0PP7pXfy6kDkUVs=
github.com/stretchr/testify v1.11.1 h1:7s2iGBzp5EwR7/aIZr8ao5+dra3wiQyKjjFuvgVKu7U=
github.com/stretchr/testify v1.11.1/go.mod h1:wZwfW3scLgRK+23gO65QZefKpKQRnfz6sD981Nm4B6U=
github.com/tiendc/go-deepcopy v1.7.1 h1:LnubftI6nYaaMOcaz0LphzwraqN8jiWTwm416sitff4=
github.com/tiendc/go-deepcopy v1.7.1/go.mod h1:4bKjNC2r7boYOkD2IOuZpYjmlDdzjbpTRyCx+goBCJQ=
github.com/valyala/bytebufferpool v1.0.0 h1:GqA5TC/0021Y/b9FG4Oi9Mr3q7XYx6KllzawFIhcdPw=
github.com/valyala/bytebufferpool v1.0.0/go.mod h1:6bBcMArwyJ5K/AmCkWv1jt77kVWyCJ6HpOuEn7z0Csc=
github.com/valyala/quicktemplate v1.8.0 h1:zU0tjbIqTRgKQzFY1L42zq0qR3eh4WoQQdIdqCysW5k=
github.com/valyala/quicktemplate v1.8.0/go.mod h1:qIqW8/igXt8fdrUln5kOSb+KWMaJ4Y8QUsfd1k6L2jM=
github.com/xuri/efp v0.0.1 h1:fws5Rv3myXyYni8uwj2qKjVaRP30PdjeYe2Y6FDsCL8=
github.com/xuri/efp v0.0.1/go.mod h1:ybY/Jr0T0GTCnYjKqmdwxyxn2BQf2RcQIIvex5QldPI=
github.com/xuri/excelize/v2 v2.10.0 h1:8aKsP7JD39iKLc6dH5Tw3dgV3sPRh8uRVXu/fMstfW4=
github.com/xuri/excelize/v2 v2.10.0/go.mod h1:SC5TzhQkaOsTWpANfm+7bJCldzcnU/jrhqkTi/iBHBU=
github.com/xuri/nfp v0.0.2-0.20250530014748-2ddeb826f9a9 h1:+C0TIdyyYmzadGaL/HBLbf3WdLgC29pgyhTjAT/0nuE=
github.com/xuri/nfp v0.0.2-0.20250530014748-2ddeb826f9a9/go.mod h1:WwHg+CVyzlv/TX9xqBFXEZAuxOPxn2k1GNHwG41IIUQ=
golang.org/x/crypto v0.44.0 h1:A97SsFvM3AIwEEmTBiaxPPTYpDC47w720rdiiUvgoAU=
golang.org/x/crypto v0.44.0/go.mod h1:013i+Nw79BMiQiMsOPcVCB5ZIJbYkerPrGnOa00tvmc=
golang.org/x/exp v0.0.0-20251113190631-e25ba8c21ef6 h1:zfMcR1Cs4KNuomFFgGefv5N0czO2XZpUbxGUy8i8ug0=
golang.org/x/exp v0.0.0-20251113190631-e25ba8c21ef6/go.mod h1:46edojNIoXTNOhySWIWdix628clX9ODXwPsQuG6hsK0=
golang.org/x/image v0.0.0-20190910094157-69e4b8554b2a/go.mod h1:FeLwcggjj3mMvU+oOTbSwawSJRM1uh48EjtB4UJZlP0=
golang.org/x/image v0.33.0 h1:LXRZRnv1+zGd5XBUVRFmYEphyyKJjQjCRiOuAP3sZfQ=
golang.org/x/image v0.33.0/go.mod h1:DD3OsTYT9chzuzTQt+zMcOlBHgfoKQb1gry8p76Y1sc=
golang.org/x/net v0.47.0 h1:Mx+4dIFzqraBXUugkia1OOvlD6LemFo1ALMHjrXDOhY=
golang.org/x/net v0.47.0/go.mod h1:/jNxtkgq5yWUGYkaZGqo27cfGZ1c5Nen03aYrrKpVRU=
golang.org/x/sys v0.38.0 h1:3yZWxaJjBmCWXqhN1qh02AkOnCQ1poK6oF+a7xWL6Gc=
golang.org/x/sys v0.38.0/go.mod h1:OgkHotnGiDImocRcuBABYBEXf8A9a87e/uXjp9XT3ks=
golang.org/x/term v0.37.0 h1:8EGAD0qCmHYZg6J17DvsMy9/wJ7/D/4pV/wfnld5lTU=
golang.org/x/term v0.37.0/go.mod h1:5pB4lxRNYYVZuTLmy8oR2BH8dflOR+IbTYFD8fi3254=
golang.org/x/text v0.3.0/go.mod h1:NqM8EUOU14njkJ3fqMW+pc6Ldnwhi/IjpwHt7yyuwOQ=
golang.org/x/text v0.31.0 h1:aC8ghyu4JhP8VojJ2lEHBnochRno1sgL6nEi9WGFGMM=
golang.org/x/text v0.31.0/go.mod h1:tKRAlv61yKIjGGHX/4tP1LTbc13YSec1pxVEWXzfoeM=
gopkg.in/check.v1 v0.0.0-20161208181325-20d25e280405 h1:yhCVgyC4o1eVCa2tZl7eS0r+SDo693bJlVdllGtEeKM=
gopkg.in/check.v1 v0.0.0-20161208181325-20d25e280405/go.mod h1:Co6ibVJAznAaIkqp8huTwlJQCZ016jof/cbN4VW5Yz0=
gopkg.in/yaml.v2 v2.4.0 h1:D8xgwECY7CYvx+Y2n4sBz93Jn9JRvxdiyyo8CTfuKaY=
gopkg.in/yaml.v2 v2.4.0/go.mod h1:RDklbk79AGWmwhnvt/jBztapEOGDOx6ZbXqjP6csGnQ=
gopkg.in/yaml.v3 v3.0.1 h1:fxVm/GzAzEWqLHuvctI91KS9hhNmmWOoWu0XTYJS7CA=
gopkg.in/yaml.v3 v3.0.1/go.mod h1:K4uyk7z7BCEPqu6E+C64Yfv1cQ7kz7rIZviUmN+EgEM=
